PODS:
  - Alamofire (4.0.1)
  - FLAnimatedImage (1.0.12)
  - PINCache (2.3)
  - PINRemoteImage (2.1.4):
    - PINRemoteImage/FLAnimatedImage (= 2.1.4)
  - PINRemoteImage/Core (2.1.4):
    - PINCache (>= 2.1)
  - PINRemoteImage/FLAnimatedImage (2.1.4):
    - FLAnimatedImage (>= 1.0)
    - PINRemoteImage/Core
  - SwiftSpinner (1.0.2)
  - SwiftyJSON (3.1.1)

DEPENDENCIES:
  - Alamofire (~> 4.0)
  - PINRemoteImage
  - SwiftSpinner
  - SwiftyJSON

SPEC CHECKSUMS:
  Alamofire: 7682d43245de14874acd142ec137b144aa1dd335
  FLAnimatedImage: 4a0b56255d9b05f18b6dd7ee06871be5d3b89e31
  PINCache: ce36ed282031b92fc7733ffe831f474ff80fddc2
  PINRemoteImage: 4ac4011c5caefd6befd99758e09becede05d3226
  SwiftSpinner: 1c80ff6ea1c47e2faa1dfce0fcd5e6b39a47fd51
  SwiftyJSON: f0be2e604f83e8405a624e9f891898bf6ed4e019

PODFILE CHECKSUM: 97dcb0b298e4119bf0fe627e8a168dd8e695a186

COCOAPODS: 1.1.1
